dependencies:
  espressif/aht20:
    component_hash: 70724d0f35b9842210f670503ae7cb343070016ad31cd710b3747e1a8ba292fe
    source:
      service_url: https://api.components.espressif.com/
      type: service
    version: 0.1.0~1
  espressif/cmake_utilities:
    component_hash: 351350613ceafba240b761b4ea991e0f231ac7a9f59a9ee901f751bddc0bb18f
    source:
      service_url: https://api.components.espressif.com/
      type: service
    version: 0.5.3
  idf:
    component_hash: null
    source:
      type: idf
    version: 5.3.0
  joltwallet/littlefs:
    component_hash: 703c642136031deca2579bdc19721a397f9fd9033b1c667c7b89fe23fa394c40
    source:
      service_url: https://api.components.espressif.com/
      type: service
    version: 1.14.2
manifest_hash: a1118bbb678b0ed6c426cd4e2e52ed63b62bf30f221fca8327f2b736373d5758
target: esp32c6
version: 1.0.0
